// !$*UTF8*$!
{
	archiveVersion = 1;
	classes = {
	};
	objectVersion = 50;
	objects = {

/* Begin PBXBuildFile section */
		305906702101784000D276E0 /* AppDelegate.swift in Sources */ = {isa = PBXBuildFile; fileRef = 3059066F2101784000D276E0 /* AppDelegate.swift */; };
		305906722101784000D276E0 /* FirstTerminalViewController.swift in Sources */ = {isa = PBXBuildFile; fileRef = 305906712101784000D276E0 /* FirstTerminalViewController.swift */; };
		305906752101784000D276E0 /* Main.storyboard in Resources */ = {isa = PBXBuildFile; fileRef = 305906732101784000D276E0 /* Main.storyboard */; };
		305906772101784100D276E0 /* Assets.xcassets in Resources */ = {isa = PBXBuildFile; fileRef = 305906762101784100D276E0 /* Assets.xcassets */; };
		3059067A2101784100D276E0 /* LaunchScreen.storyboard in Resources */ = {isa = PBXBuildFile; fileRef = 305906782101784100D276E0 /* LaunchScreen.storyboard */; };
		305906822101B16E00D276E0 /* ParkingChargeViewController.swift in Sources */ = {isa = PBXBuildFile; fileRef = 305906812101B16E00D276E0 /* ParkingChargeViewController.swift */; };
		305906842101BBF800D276E0 /* SecondTerminalViewController.swift in Sources */ = {isa = PBXBuildFile; fileRef = 305906832101BBF800D276E0 /* SecondTerminalViewController.swift */; };
		305906862101C84B00D276E0 /* ParkingChargeViewController2.swift in Sources */ = {isa = PBXBuildFile; fileRef = 305906852101C84B00D276E0 /* ParkingChargeViewController2.swift */; };
		305906882101E23A00D276E0 /* TableViewController.swift in Sources */ = {isa = PBXBuildFile; fileRef = 305906872101E23A00D276E0 /* TableViewController.swift */; };
/* End PBXBuildFile section */

/* Begin PBXFileReference section */
		3059066C2101784000D276E0 /* IncheonAirport.app */ = {isa = PBXFileReference; explicitFileType = wrapper.application; includeInIndex = 0; path = IncheonAirport.app; sourceTree = BUILT_PRODUCTS_DIR; };
		3059066F2101784000D276E0 /* AppDelegate.swift */ = {isa = PBXFileReference; lastKnownFileType = sourcecode.swift; path = AppDelegate.swift; sourceTree = "<group>"; };
		305906712101784000D276E0 /* FirstTerminalViewController.swift */ = {isa = PBXFileReference; lastKnownFileType = sourcecode.swift; path = FirstTerminalViewController.swift; sourceTree = "<group>"; };
		305906742101784000D276E0 /* Base */ = {isa = PBXFileReference; lastKnownFileType = file.storyboard; name = Base; path = Base.lproj/Main.storyboard; sourceTree = "<group>"; };
		305906762101784100D276E0 /* Assets.xcassets */ = {isa = PBXFileReference; lastKnownFileType = folder.assetcatalog; path = Assets.xcassets; sourceTree = "<group>"; };
		305906792101784100D276E0 /* Base */ = {isa = PBXFileReference; lastKnownFileType = file.storyboard; name = Base; path = Base.lproj/LaunchScreen.storyboard; sourceTree = "<group>"; };
		3059067B2101784100D276E0 /* Info.plist */ = {isa = PBXFileReference; lastKnownFileType = text.plist.xml; path = Info.plist; sourceTree = "<group>"; };
		305906812101B16E00D276E0 /* ParkingChargeViewController.swift */ = {isa = PBXFileReference; lastKnownFileType = sourcecode.swift; path = ParkingChargeViewController.swift; sourceTree = "<group>"; };
		305906832101BBF800D276E0 /* SecondTerminalViewController.swift */ = {isa = PBXFileReference; lastKnownFileType = sourcecode.swift; path = SecondTerminalViewController.swift; sourceTree = "<group>"; };
		305906852101C84B00D276E0 /* ParkingChargeViewController2.swift */ = {isa = PBXFileReference; lastKnownFileType = sourcecode.swift; path = ParkingChargeViewController2.swift; sourceTree = "<group>"; };
		305906872101E23A00D276E0 /* TableViewController.swift */ = {isa = PBXFileReference; lastKnownFileType = sourcecode.swift; path = TableViewController.swift; sourceTree = "<group>"; };
/* End PBXFileReference section */

/* Begin PBXFrameworksBuildPhase section */
		305906692101784000D276E0 /* Frameworks */ = {
			isa = PBXFrameworksBuildPhase;
			buildActionMask = 2147483647;
			files = (
			);
			runOnlyForDeploymentPostprocessing = 0;
		};
/* End PBXFrameworksBuildPhase section */

/* Begin PBXGroup section */
		305906632101784000D276E0 = {
			isa = PBXGroup;
			children = (
				3059066E2101784000D276E0 /* IncheonAirport */,
				3059066D2101784000D276E0 /* Products */,
			);
			sourceTree = "<group>";
		};
		3059066D2101784000D276E0 /* Products */ = {
			isa = PBXGroup;
			children = (
				3059066C2101784000D276E0 /* IncheonAirport.app */,
			);
			name = Products;
			sourceTree = "<group>";
		};
		3059066E2101784000D276E0 /* IncheonAirport */ = {
			isa = PBXGroup;
			children = (
				3059066F2101784000D276E0 /* AppDelegate.swift */,
				305906712101784000D276E0 /* FirstTerminalViewController.swift */,
				305906832101BBF800D276E0 /* SecondTerminalViewController.swift */,
				305906732101784000D276E0 /* Main.storyboard */,
				305906872101E23A00D276E0 /* TableViewController.swift */,
				305906762101784100D276E0 /* Assets.xcassets */,
				305906782101784100D276E0 /* LaunchScreen.storyboard */,
				3059067B2101784100D276E0 /* Info.plist */,
				305906812101B16E00D276E0 /* ParkingChargeViewController.swift */,
				305906852101C84B00D276E0 /* ParkingChargeViewController2.swift */,
			);
			path = IncheonAirport;
			sourceTree = "<group>";
		};
/* End PBXGroup section */

/* Begin PBXNativeTarget section */
		3059066B2101784000D276E0 /* IncheonAirport */ = {
			isa = PBXNativeTarget;
			buildConfigurationList = 3059067E2101784100D276E0 /* Build configuration list for PBXNativeTarget "IncheonAirport" */;
			buildPhases = (
				305906682101784000D276E0 /* Sources */,
				305906692101784000D276E0 /* Frameworks */,
				3059066A2101784000D276E0 /* Resources */,
			);
			buildRules = (
			);
			dependencies = (
			);
			name = IncheonAirport;
			productName = IncheonAirport;
			productReference = 3059066C2101784000D276E0 /* IncheonAirport.app */;
			productType = "com.apple.product-type.application";
		};
/* End PBXNativeTarget section */

/* Begin PBXProject section */
		305906642101784000D276E0 /* Project object */ = {
			isa = PBXProject;
			attributes = {
				LastSwiftUpdateCheck = 0940;
				LastUpgradeCheck = 0940;
				ORGANIZATIONNAME = sanghyuk;
				TargetAttributes = {
					3059066B2101784000D276E0 = {
						CreatedOnToolsVersion = 9.4.1;
					};
				};
			};
			buildConfigurationList = 305906672101784000D276E0 /* Build configuration list for PBXProject "IncheonAirport" */;
			compatibilityVersion = "Xcode 9.3";
			developmentRegion = en;
			hasScannedForEncodings = 0;
			knownRegions = (
				en,
				Base,
			);
			mainGroup = 305906632101784000D276E0;
			productRefGroup = 3059066D2101784000D276E0 /* Products */;
			projectDirPath = "";
			projectRoot = "";
			targets = (
				3059066B2101784000D276E0 /* IncheonAirport */,
			);
		};
/* End PBXProject section */

/* Begin PBXResourcesBuildPhase section */
		3059066A2101784000D276E0 /* Resources */ = {
			isa = PBXResourcesBuildPhase;
			buildActionMask = 2147483647;
			files = (
				3059067A2101784100D276E0 /* LaunchScreen.storyboard in Resources */,
				305906772101784100D276E0 /* Assets.xcassets in Resources */,
				305906752101784000D276E0 /* Main.storyboard in Resources */,
			);
			runOnlyForDeploymentPostprocessing = 0;
		};
/* End PBXResourcesBuildPhase section */

/* Begin PBXSourcesBuildPhase section */
		305906682101784000D276E0 /* Sources */ = {
			isa = PBXSourcesBuildPhase;
			buildActionMask = 2147483647;
			files = (
				305906842101BBF800D276E0 /* SecondTerminalViewController.swift in Sources */,
				305906882101E23A00D276E0 /* TableViewController.swift in Sources */,
				305906862101C84B00D276E0 /* ParkingChargeViewController2.swift in Sources */,
				305906722101784000D276E0 /* FirstTerminalViewController.swift in Sources */,
				305906822101B16E00D276E0 /* ParkingChargeViewController.swift in Sources */,
				305906702101784000D276E0 /* AppDelegate.swift in Sources */,
			);
			runOnlyForDeploymentPostprocessing = 0;
		};
/* End PBXSourcesBuildPhase section */

/* Begin PBXVariantGroup section */
		305906732101784000D276E0 /* Main.storyboard */ = {
			isa = PBXVariantGroup;
			children = (
				305906742101784000D276E0 /* Base */,
			);
			name = Main.storyboard;
			sourceTree = "<group>";
		};
		305906782101784100D276E0 /* LaunchScreen.storyboard */ = {
			isa = PBXVariantGroup;
			children = (
				305906792101784100D276E0 /* Base */,
			);
			name = LaunchScreen.storyboard;
			sourceTree = "<group>";
		};
/* End PBXVariantGroup section */

/* Begin XCBuildConfiguration section */
		3059067C2101784100D276E0 /* Debug */ = {
			isa = XCBuildConfiguration;
			buildSettings = {
				ALWAYS_SEARCH_USER_PATHS = NO;
				CLANG_ANALYZER_NONNULL = YES;
				CLANG_ANALYZER_NUMBER_OBJECT_CONVERSION = YES_AGGRESSIVE;
				CLANG_CXX_LANGUAGE_STANDARD = "gnu++14";
				CLANG_CXX_LIBRARY = "libc++";
				CLANG_ENABLE_MODULES = YES;
				CLANG_ENABLE_OBJC_ARC = YES;
				CLANG_ENABLE_OBJC_WEAK = YES;
				CLANG_WARN_BLOCK_CAPTURE_AUTORELEASING = YES;
				CLANG_WARN_BOOL_CONVERSION = YES;
				CLANG_WARN_COMMA = YES;
				CLANG_WARN_CONSTANT_CONVERSION = YES;
				CLANG_WARN_DEPRECATED_OBJC_IMPLEMENTATIONS = YES;
				CLANG_WARN_DIRECT_OBJC_ISA_USAGE = YES_ERROR;
				CLANG_WARN_DOCUMENTATION_COMMENTS = YES;
				CLANG_WARN_EMPTY_BODY = YES;
				CLANG_WARN_ENUM_CONVERSION = YES;
				CLANG_WARN_INFINITE_RECURSION = YES;
				CLANG_WARN_INT_CONVERSION = YES;
				CLANG_WARN_NON_LITERAL_NULL_CONVERSION = YES;
				CLANG_WARN_OBJC_IMPLICIT_RETAIN_SELF = YES;
				CLANG_WARN_OBJC_LITERAL_CONVERSION = YES;
				CLANG_WARN_OBJC_ROOT_CLASS = YES_ERROR;
				CLANG_WARN_RANGE_LOOP_ANALYSIS = YES;
				CLANG_WARN_STRICT_PROTOTYPES = YES;
				CLANG_WARN_SUSPICIOUS_MOVE = YES;
				CLANG_WARN_UNGUARDED_AVAILABILITY = YES_AGGRESSIVE;
				CLANG_WARN_UNREACHABLE_CODE = YES;
				CLANG_WARN__DUPLICATE_METHOD_MATCH = YES;
				CODE_SIGN_IDENTITY = "iPhone Developer";
				COPY_PHASE_STRIP = NO;
				DEBUG_INFORMATION_FORMAT = dwarf;
				ENABLE_STRICT_OBJC_MSGSEND = YES;
				ENABLE_TESTABILITY = YES;
				GCC_C_LANGUAGE_STANDARD = gnu11;
				GCC_DYNAMIC_NO_PIC = NO;
				GCC_NO_COMMON_BLOCKS = YES;
				GCC_OPTIMIZATION_LEVEL = 0;
				GCC_PREPROCESSOR_DEFINITIONS = (
					"DEBUG=1",
					"$(inherited)",
				);
				GCC_WARN_64_TO_32_BIT_CONVERSION = YES;
				GCC_WARN_ABOUT_RETURN_TYPE = YES_ERROR;
				GCC_WARN_UNDECLARED_SELECTOR = YES;
				GCC_WARN_UNINITIALIZED_AUTOS = YES_AGGRESSIVE;
				GCC_WARN_UNUSED_FUNCTION = YES;
				GCC_WARN_UNUSED_VARIABLE = YES;
				IPHONEOS_DEPLOYMENT_TARGET = 11.4;
				MTL_ENABLE_DEBUG_INFO = YES;
				ONLY_ACTIVE_ARCH = YES;
				SDKROOT = iphoneos;
				SWIFT_ACTIVE_COMPILATION_CONDITIONS = DEBUG;
				SWIFT_OPTIMIZATION_LEVEL = "-Onone";
			};
			name = Debug;
		};
		3059067D2101784100D276E0 /* Release */ = {
			isa = XCBuildConfiguration;
			buildSettings = {
				ALWAYS_SEARCH_USER_PATHS = NO;
				CLANG_ANALYZER_NONNULL = YES;
				CLANG_ANALYZER_NUMBER_OBJECT_CONVERSION = YES_AGGRESSIVE;
				CLANG_CXX_LANGUAGE_STANDARD = "gnu++14";
				CLANG_CXX_LIBRARY = "libc++";
				CLANG_ENABLE_MODULES = YES;
				CLANG_ENABLE_OBJC_ARC = YES;
				CLANG_ENABLE_OBJC_WEAK = YES;
				CLANG_WARN_BLOCK_CAPTURE_AUTORELEASING = YES;
				CLANG_WARN_BOOL_CONVERSION = YES;
				CLANG_WARN_COMMA = YES;
				CLANG_WARN_CONSTANT_CONVERSION = YES;
				CLANG_WARN_DEPRECATED_OBJC_IMPLEMENTATIONS = YES;
				CLANG_WARN_DIRECT_OBJC_ISA_USAGE = YES_ERROR;
				CLANG_WARN_DOCUMENTATION_COMMENTS = YES;
				CLANG_WARN_EMPTY_BODY = YES;
				CLANG_WARN_ENUM_CONVERSION = YES;
				CLANG_WARN_INFINITE_RECURSION = YES;
				CLANG_WARN_INT_CONVERSION = YES;
				CLANG_WARN_NON_LITERAL_NULL_CONVERSION = YES;
				CLANG_WARN_OBJC_IMPLICIT_RETAIN_SELF = YES;
				CLANG_WARN_OBJC_LITERAL_CONVERSION = YES;
				CLANG_WARN_OBJC_ROOT_CLASS = YES_ERROR;
				CLANG_WARN_RANGE_LOOP_ANALYSIS = YES;
				CLANG_WARN_STRICT_PROTOTYPES = YES;
				CLANG_WARN_SUSPICIOUS_MOVE = YES;
				CLANG_WARN_UNGUARDED_AVAILABILITY = YES_AGGRESSIVE;
				CLANG_WARN_UNREACHABLE_CODE = YES;
				CLANG_WARN__DUPLICATE_METHOD_MATCH = YES;
				CODE_SIGN_IDENTITY = "iPhone Developer";
				COPY_PHASE_STRIP = NO;
				DEBUG_INFORMATION_FORMAT = "dwarf-with-dsym";
				ENABLE_NS_ASSERTIONS = NO;
				ENABLE_STRICT_OBJC_MSGSEND = YES;
				GCC_C_LANGUAGE_STANDARD = gnu11;
				GCC_NO_COMMON_BLOCKS = YES;
				GCC_WARN_64_TO_32_BIT_CONVERSION = YES;
				GCC_WARN_ABOUT_RETURN_TYPE = YES_ERROR;
				GCC_WARN_UNDECLARED_SELECTOR = YES;
				GCC_WARN_UNINITIALIZED_AUTOS = YES_AGGRESSIVE;
				GCC_WARN_UNUSED_FUNCTION = YES;
				GCC_WARN_UNUSED_VARIABLE = YES;
				IPHONEOS_DEPLOYMENT_TARGET = 11.4;
				MTL_ENABLE_DEBUG_INFO = NO;
				SDKROOT = iphoneos;
				SWIFT_COMPILATION_MODE = wholemodule;
				SWIFT_OPTIMIZATION_LEVEL = "-O";
				VALIDATE_PRODUCT = YES;
			};
			name = Release;
		};
		3059067F2101784100D276E0 /* Debug */ = {
			isa = XCBuildConfiguration;
			buildSettings = {
				ASSETCATALOG_COMPILER_APPICON_NAME = AppIcon;
				ASSETCATALOG_COMPILER_LAUNCHIMAGE_NAME = LaunchImage;
				CODE_SIGN_STYLE = Automatic;
				DEVELOPMENT_TEAM = G4MM77V7NH;
				INFOPLIST_FILE = IncheonAirport/Info.plist;
				LD_RUNPATH_SEARCH_PATHS = (
					"$(inherited)",
					"@executable_path/Frameworks",
				);
				PRODUCT_BUNDLE_IDENTIFIER = kr.sanghyuk.example.IncheonAirport;
				PRODUCT_NAME = "$(TARGET_NAME)";
				SWIFT_VERSION = 4.0;
				TARGETED_DEVICE_FAMILY = "1,2";
			};
			name = Debug;
		};
		305906802101784100D276E0 /* Release */ = {
			isa = XCBuildConfiguration;
			buildSettings = {
				ASSETCATALOG_COMPILER_APPICON_NAME = AppIcon;
				ASSETCATALOG_COMPILER_LAUNCHIMAGE_NAME = LaunchImage;
				CODE_SIGN_STYLE = Automatic;
				DEVELOPMENT_TEAM = G4MM77V7NH;
				INFOPLIST_FILE = IncheonAirport/Info.plist;
				LD_RUNPATH_SEARCH_PATHS = (
					"$(inherited)",
					"@executable_path/Frameworks",
				);
				PRODUCT_BUNDLE_IDENTIFIER = kr.sanghyuk.example.IncheonAirport;
				PRODUCT_NAME = "$(TARGET_NAME)";
				SWIFT_VERSION = 4.0;
				TARGETED_DEVICE_FAMILY = "1,2";
			};
			name = Release;
		};
/* End XCBuildConfiguration section */

/* Begin XCConfigurationList section */
		305906672101784000D276E0 /* Build configuration list for PBXProject "IncheonAirport" */ = {
			isa = XCConfigurationList;
			buildConfigurations = (
				3059067C2101784100D276E0 /* Debug */,
				3059067D2101784100D276E0 /* Release */,
			);
			defaultConfigurationIsVisible = 0;
			defaultConfigurationName = Release;
		};
		3059067E2101784100D276E0 /* Build configuration list for PBXNativeTarget "IncheonAirport" */ = {
			isa = XCConfigurationList;
			buildConfigurations = (
				3059067F2101784100D276E0 /* Debug */,
				305906802101784100D276E0 /* Release */,
			);
			defaultConfigurationIsVisible = 0;
			defaultConfigurationName = Release;
		};
/* End XCConfigurationList section */
	};
	rootObject = 305906642101784000D276E0 /* Project object */;
}
